
Microsoft Visual Studio Solution File, Format Version 12.00
# Visual Studio Version 17
VisualStudioVersion = 17.6.33829.357
MinimumVisualStudioVersion = 10.0.40219.1
Project("{9A19103F-16F7-4668-BE54-9A1E7A4F7556}") = "GestionEmpleadosBlazor.Server", "GestionEmpleadosBlazor\Server\GestionEmpleadosBlazor.Server.csproj", "{44783A51-F9FC-4B1A-9AA5-CC1A80E2D098}"
EndProject
Project("{9A19103F-16F7-4668-BE54-9A1E7A4F7556}") = "GestionEmpleadosBlazor.Client", "GestionEmpleadosBlazor\Client\GestionEmpleadosBlazor.Client.csproj", "{EDAD1601-CFC1-4EA5-BA2B-C043C2AA347F}"
EndProject
Project("{9A19103F-16F7-4668-BE54-9A1E7A4F7556}") = "GestionEmpleadosBlazor.Shared", "GestionEmpleadosBlazor\Shared\GestionEmpleadosBlazor.Shared.csproj", "{5AC1F8C7-E82C-4102-9CC5-6F53A06F653D}"
EndProject
Global
	GlobalSection(SolutionConfigurationPlatforms) = preSolution
		Debug|Any CPU = Debug|Any CPU
		Release|Any CPU = Release|Any CPU
	EndGlobalSection
	GlobalSection(ProjectConfigurationPlatforms) = postSolution
		{44783A51-F9FC-4B1A-9AA5-CC1A80E2D098}.Debug|Any CPU.ActiveCfg = Debug|Any CPU
		{44783A51-F9FC-4B1A-9AA5-CC1A80E2D098}.Debug|Any CPU.Build.0 = Debug|Any CPU
		{44783A51-F9FC-4B1A-9AA5-CC1A80E2D098}.Release|Any CPU.ActiveCfg = Release|Any CPU
		{44783A51-F9FC-4B1A-9AA5-CC1A80E2D098}.Release|Any CPU.Build.0 = Release|Any CPU
		{EDAD1601-CFC1-4EA5-BA2B-C043C2AA347F}.Debug|Any CPU.ActiveCfg = Debug|Any CPU
		{EDAD1601-CFC1-4EA5-BA2B-C043C2AA347F}.Debug|Any CPU.Build.0 = Debug|Any CPU
		{EDAD1601-CFC1-4EA5-BA2B-C043C2AA347F}.Release|Any CPU.ActiveCfg = Release|Any CPU
		{EDAD1601-CFC1-4EA5-BA2B-C043C2AA347F}.Release|Any CPU.Build.0 = Release|Any CPU
		{5AC1F8C7-E82C-4102-9CC5-6F53A06F653D}.Debug|Any CPU.ActiveCfg = Debug|Any CPU
		{5AC1F8C7-E82C-4102-9CC5-6F53A06F653D}.Debug|Any CPU.Build.0 = Debug|Any CPU
		{5AC1F8C7-E82C-4102-9CC5-6F53A06F653D}.Release|Any CPU.ActiveCfg = Release|Any CPU
		{5AC1F8C7-E82C-4102-9CC5-6F53A06F653D}.Release|Any CPU.Build.0 = Release|Any CPU
	EndGlobalSection
	GlobalSection(SolutionProperties) = preSolution
		HideSolutionNode = FALSE
	EndGlobalSection
	GlobalSection(ExtensibilityGlobals) = postSolution
		SolutionGuid = {FF3CDCDF-BA3F-4439-A240-64FD40702630}
	EndGlobalSection
EndGlobal
